{
  "name": "3-project-yield-farming",
  "version": "1.0.0",
  "lockfileVersion": 1,
  "requires": true,
  "dependencies": {
    "@openzeppelin/contracts": {
      "version": "4.9.5",
      "resolved": "https://registry.npmjs.org/@openzeppelin/contracts/-/contracts-4.9.5.tgz",
      "integrity": "sha512-ZK+W5mVhRppff9BE6YdR8CC52C8zAvsVAiWhEtQ5+oNxFE6h1WdeWo+FJSF8KKvtxxVYZ7MTP/5KoVpAU3aSWg=="
    },
    "@studydefi/money-legos": {
      "version": "2.4.1",
      "resolved": "https://registry.npmjs.org/@studydefi/money-legos/-/money-legos-2.4.1.tgz",
      "integrity": "sha512-60LErLtI+q0bCuwnhGQxK2pdsKPrwMYeQaIekXP2FOBUm6+k0qGl3Q5tly0eX2PkdC8ycxWeQSUvTIAHhmr4aQ==",
      "requires": {
        "@openzeppelin/contracts": "^2.5.0"
      },
      "dependencies": {
        "@openzeppelin/contracts": {
          "version": "2.5.1",
          "resolved": "https://registry.npmjs.org/@openzeppelin/contracts/-/contracts-2.5.1.tgz",
          "integrity": "sha512-qIy6tLx8rtybEsIOAlrM4J/85s2q2nPkDqj/Rx46VakBZ0LwtFhXIVub96LXHczQX0vaqmAueDqNPXtbSXSaYQ=="
        }
      }
    }
  }
}
