{
  "name": "end",
  "version": "1.0.0",
  "lockfileVersion": 1,
  "requires": true,
  "dependencies": {
    "ganache-time-traveler": {
      "version": "1.0.3",
      "resolved": "https://registry.npmjs.org/ganache-time-traveler/-/ganache-time-traveler-1.0.3.tgz",
      "integrity": "sha512-ka0riZ9jzKNmjJqQ/pVA2uawdE89FM8d4O5Or2AuPb8me+pyjKrN6YIjAqnz6DlLL2WgGvqJnyq0btblQAp6nw=="
    }
  }
}
